
Microsoft Visual Studio Solution File, Format Version 11.00
# Visual Studio 2010
Project("{FAE04EC0-301F-11D3-BF4B-00C04F79EFBC}") = "Assembly-CSharp", "Assembly-CSharp.csproj", "{A8537129-9B51-FF33-D0FE-3CB1C0685784}"
EndProject
Global
	GlobalSection(SolutionConfigurationPlatforms) = preSolution
		Debug|Any CPU = Debug|Any CPU
		Release|Any CPU = Release|Any CPU
	EndGlobalSection
	GlobalSection(ProjectConfigurationPlatforms) = postSolution
		{A8537129-9B51-FF33-D0FE-3CB1C0685784}.Debug|Any CPU.ActiveCfg = Debug|Any CPU
		{A8537129-9B51-FF33-D0FE-3CB1C0685784}.Debug|Any CPU.Build.0 = Debug|Any CPU
		{A8537129-9B51-FF33-D0FE-3CB1C0685784}.Release|Any CPU.ActiveCfg = Release|Any CPU
		{A8537129-9B51-FF33-D0FE-3CB1C0685784}.Release|Any CPU.Build.0 = Release|Any CPU
	EndGlobalSection
	GlobalSection(SolutionProperties) = preSolution
		HideSolutionNode = FALSE
	EndGlobalSection
	GlobalSection(MonoDevelopProperties) = preSolution
		StartupItem = Assembly-CSharp.csproj
	EndGlobalSection
EndGlobal
